
Microsoft Visual Studio Solution File, Format Version 12.00
# Visual Studio Version 17
VisualStudioVersion = 17.8.34316.72
MinimumVisualStudioVersion = 10.0.40219.1
Project("{9A19103F-16F7-4668-BE54-9A1E7A4F7556}") = "nucleotidz.recommendation.service", "src\nucleotidz.recommendation.service\nucleotidz.recommendation.service.csproj", "{0613D839-5462-40CB-831C-07CB269F0791}"
EndProject
Project("{9A19103F-16F7-4668-BE54-9A1E7A4F7556}") = "nucleotidz.recommendation.model", "src\nucleotidz.recommendation.model\nucleotidz.recommendation.model.csproj", "{38BA9E60-B077-4098-BD45-B2859A44001C}"
EndProject
Project("{9A19103F-16F7-4668-BE54-9A1E7A4F7556}") = "nucleotidz.recommendation.infrastructure", "src\nucleotidz.recommendation.infrastructure\nucleotidz.recommendation.infrastructure.csproj", "{2968BC9C-DC5C-42B4-9B94-CE67E69370A1}"
EndProject
Project("{9A19103F-16F7-4668-BE54-9A1E7A4F7556}") = "nucleotidz.recommendation.engine.api", "src\nucleotidz.recommendation.engine.api\nucleotidz.recommendation.engine.api.csproj", "{CB0D7EE7-EFC9-4A48-83BB-7D52DFA8EF95}"
EndProject
Project("{E53339B2-1760-4266-BCC7-CA923CBCF16C}") = "docker-compose", "docker-compose.dcproj", "{7F3DB83B-6CFC-4F08-B1EF-5D63A010721B}"
EndProject
Project("{2150E333-8FDC-42A3-9474-1A3956D46DE8}") = "Solution Items", "Solution Items", "{11D61760-ED1C-4F4A-9521-1E8F1CBCD5A0}"
	ProjectSection(SolutionItems) = preProject
		.editorconfig = .editorconfig
	EndProjectSection
EndProject
Project("{FAE04EC0-301F-11D3-BF4B-00C04F79EFBC}") = "nucleotidz.recommendation.queue.consumer", "src\nucleotidz.recommendation.queue.consumer\nucleotidz.recommendation.queue.consumer.csproj", "{5D6A01E9-E324-4963-B660-16CC9833DCC3}"
EndProject
Global
	GlobalSection(SolutionConfigurationPlatforms) = preSolution
		Debug|Any CPU = Debug|Any CPU
		Release|Any CPU = Release|Any CPU
	EndGlobalSection
	GlobalSection(ProjectConfigurationPlatforms) = postSolution
		{0613D839-5462-40CB-831C-07CB269F0791}.Debug|Any CPU.ActiveCfg = Debug|Any CPU
		{0613D839-5462-40CB-831C-07CB269F0791}.Debug|Any CPU.Build.0 = Debug|Any CPU
		{0613D839-5462-40CB-831C-07CB269F0791}.Release|Any CPU.ActiveCfg = Release|Any CPU
		{0613D839-5462-40CB-831C-07CB269F0791}.Release|Any CPU.Build.0 = Release|Any CPU
		{38BA9E60-B077-4098-BD45-B2859A44001C}.Debug|Any CPU.ActiveCfg = Debug|Any CPU
		{38BA9E60-B077-4098-BD45-B2859A44001C}.Debug|Any CPU.Build.0 = Debug|Any CPU
		{38BA9E60-B077-4098-BD45-B2859A44001C}.Release|Any CPU.ActiveCfg = Release|Any CPU
		{38BA9E60-B077-4098-BD45-B2859A44001C}.Release|Any CPU.Build.0 = Release|Any CPU
		{2968BC9C-DC5C-42B4-9B94-CE67E69370A1}.Debug|Any CPU.ActiveCfg = Debug|Any CPU
		{2968BC9C-DC5C-42B4-9B94-CE67E69370A1}.Debug|Any CPU.Build.0 = Debug|Any CPU
		{2968BC9C-DC5C-42B4-9B94-CE67E69370A1}.Release|Any CPU.ActiveCfg = Release|Any CPU
		{2968BC9C-DC5C-42B4-9B94-CE67E69370A1}.Release|Any CPU.Build.0 = Release|Any CPU
		{CB0D7EE7-EFC9-4A48-83BB-7D52DFA8EF95}.Debug|Any CPU.ActiveCfg = Debug|Any CPU
		{CB0D7EE7-EFC9-4A48-83BB-7D52DFA8EF95}.Debug|Any CPU.Build.0 = Debug|Any CPU
		{CB0D7EE7-EFC9-4A48-83BB-7D52DFA8EF95}.Release|Any CPU.ActiveCfg = Release|Any CPU
		{CB0D7EE7-EFC9-4A48-83BB-7D52DFA8EF95}.Release|Any CPU.Build.0 = Release|Any CPU
		{7F3DB83B-6CFC-4F08-B1EF-5D63A010721B}.Debug|Any CPU.ActiveCfg = Debug|Any CPU
		{7F3DB83B-6CFC-4F08-B1EF-5D63A010721B}.Debug|Any CPU.Build.0 = Debug|Any CPU
		{7F3DB83B-6CFC-4F08-B1EF-5D63A010721B}.Release|Any CPU.ActiveCfg = Release|Any CPU
		{7F3DB83B-6CFC-4F08-B1EF-5D63A010721B}.Release|Any CPU.Build.0 = Release|Any CPU
		{5D6A01E9-E324-4963-B660-16CC9833DCC3}.Debug|Any CPU.ActiveCfg = Debug|Any CPU
		{5D6A01E9-E324-4963-B660-16CC9833DCC3}.Debug|Any CPU.Build.0 = Debug|Any CPU
		{5D6A01E9-E324-4963-B660-16CC9833DCC3}.Release|Any CPU.ActiveCfg = Release|Any CPU
		{5D6A01E9-E324-4963-B660-16CC9833DCC3}.Release|Any CPU.Build.0 = Release|Any CPU
	EndGlobalSection
	GlobalSection(SolutionProperties) = preSolution
		HideSolutionNode = FALSE
	EndGlobalSection
	GlobalSection(ExtensibilityGlobals) = postSolution
		SolutionGuid = {7C7FF33C-7664-46C8-B843-C0A4C12626B4}
	EndGlobalSection
EndGlobal
